
Microsoft Visual Studio Solution File, Format Version 12.00
Project("{FAE04EC0-301F-11D3-BF4B-00C04F79EFBC}") = "TDM.UI.Maui", "Clients\TDM.UI.Maui\TDM.UI.Maui.csproj", "{A3DB85D2-3DB9-4FFC-B77B-0A5147D8CA27}"
EndProject
Project("{2150E333-8FDC-42A3-9474-1A3956D46DE8}") = "Clients", "Clients", "{1C36B95B-D088-4053-9924-7B35751E80A4}"
EndProject
Project("{2150E333-8FDC-42A3-9474-1A3956D46DE8}") = "Server", "Server", "{E08ED66C-53A5-43F1-8AC1-962251AC9F9E}"
EndProject
Project("{2150E333-8FDC-42A3-9474-1A3956D46DE8}") = "Api", "Api", "{676EFE4C-4117-449D-BA5C-A8022832FC14}"
EndProject
Project("{2150E333-8FDC-42A3-9474-1A3956D46DE8}") = "Src", "Src", "{C2EC5FE8-7D69-4CE5-956E-5C2538F1DBB1}"
EndProject
Project("{FAE04EC0-301F-11D3-BF4B-00C04F79EFBC}") = "TDM.Server.Api", "Server\Api\Src\TDM.Server.Api\TDM.Server.Api.csproj", "{6B5DF16E-48F4-49DC-9135-961716B5EADE}"
EndProject
Project("{FAE04EC0-301F-11D3-BF4B-00C04F79EFBC}") = "TDM.Server.Api.Middleware", "Server\Api\Src\TDM.Server.Api.Middleware\TDM.Server.Api.Middleware.csproj", "{B31028A7-37C6-4AB7-92E0-0A7FF05159D8}"
EndProject
Project("{2150E333-8FDC-42A3-9474-1A3956D46DE8}") = "Shared", "Shared", "{7649C54A-2E69-4A77-AE3C-F25E15971E1C}"
EndProject
Project("{2150E333-8FDC-42A3-9474-1A3956D46DE8}") = "Contracts", "Contracts", "{29D448E0-5E3C-45DC-A011-3416D69A85A6}"
EndProject
Project("{2150E333-8FDC-42A3-9474-1A3956D46DE8}") = "Api", "Api", "{15F03EAC-CFE8-4C2C-BCE6-056E44F959C3}"
EndProject
Project("{2150E333-8FDC-42A3-9474-1A3956D46DE8}") = "Core", "Core", "{A7A51514-439C-40B0-A246-3527A67A457D}"
EndProject
Project("{2150E333-8FDC-42A3-9474-1A3956D46DE8}") = "Src", "Src", "{9CBFDB87-7476-4E48-9D2C-2F04CEBDE6B2}"
EndProject
Project("{FAE04EC0-301F-11D3-BF4B-00C04F79EFBC}") = "TDM.Server.Domain", "Server\Core\Src\TDM.Server.Domain\TDM.Server.Domain.csproj", "{F575CC5A-7639-4DA5-AC63-287D4EEE0648}"
EndProject
Project("{FAE04EC0-301F-11D3-BF4B-00C04F79EFBC}") = "TDM.Server.Application", "Server\Core\Src\TDM.Server.Application\TDM.Server.Application.csproj", "{0DE5581B-D593-4645-BC0D-A712D26AEC66}"
EndProject
Project("{2150E333-8FDC-42A3-9474-1A3956D46DE8}") = "Infrastructure", "Infrastructure", "{DCF219F1-CF71-4A51-A854-E1A58E796626}"
EndProject
Project("{2150E333-8FDC-42A3-9474-1A3956D46DE8}") = "Src", "Src", "{11EF1857-D586-46A4-9BC2-EA04F8B680E9}"
EndProject
Project("{2150E333-8FDC-42A3-9474-1A3956D46DE8}") = "Persistence", "Persistence", "{B07A282F-E407-4EBE-A742-C49E42934587}"
EndProject
Project("{FAE04EC0-301F-11D3-BF4B-00C04F79EFBC}") = "TDM.Server.Persistence.PostgreSQL", "Server\Infrastructure\Persistence\Src\TDM.Server.Persistence.PostgreSQL\TDM.Server.Persistence.PostgreSQL.csproj", "{1B1129BC-20D2-4787-8CEA-17067C1CA236}"
EndProject
Project("{FAE04EC0-301F-11D3-BF4B-00C04F79EFBC}") = "TDM.Api.Client", "Shared\Contracts\Api\TDM.Api.Client\TDM.Api.Client.csproj", "{3C4D4649-CBA8-4DE0-84B8-FE923D4DB006}"
EndProject
Project("{FAE04EC0-301F-11D3-BF4B-00C04F79EFBC}") = "TDM.Api.Contracts", "Shared\Contracts\Api\TDM.Api.Contracts\TDM.Api.Contracts.csproj", "{C1FB7CF3-E4C8-44C8-8189-12F3D66DE029}"
EndProject
Project("{FAE04EC0-301F-11D3-BF4B-00C04F79EFBC}") = "TDM.Api.Enum", "Shared\Contracts\Api\TDM.Api.Enum\TDM.Api.Enum.csproj", "{AF566986-CE85-4FBE-80C1-C94D771887CB}"
EndProject
Project("{2150E333-8FDC-42A3-9474-1A3956D46DE8}") = "Shared", "Shared", "{B21555E5-F5DD-4AA3-83A4-E0C63788BDF5}"
EndProject
Project("{2150E333-8FDC-42A3-9474-1A3956D46DE8}") = "Contracts", "Contracts", "{C4A12B12-D544-46BE-A933-ECD7A0ADD500}"
EndProject
Project("{2150E333-8FDC-42A3-9474-1A3956D46DE8}") = "Services", "Services", "{A87C5F90-B503-4DD9-81A1-B1131BC09573}"
EndProject
Project("{FAE04EC0-301F-11D3-BF4B-00C04F79EFBC}") = "TDM.Clients.Shared.Contracts", "Clients\Shared\Contracts\TDM.Clients.Shared.Contracts\TDM.Clients.Shared.Contracts.csproj", "{377669B0-FCC0-4666-A810-693A9928D379}"
EndProject
Project("{FAE04EC0-301F-11D3-BF4B-00C04F79EFBC}") = "TDM.Clients.Shared.Services", "Clients\Shared\Services\TDM.Clients.Shared.Services\TDM.Clients.Shared.Services.csproj", "{05AB2DA3-4DB9-48A3-9966-D7BA1679D66C}"
EndProject
Project("{2150E333-8FDC-42A3-9474-1A3956D46DE8}") = "Mobile", "Mobile", "{41C626AE-167C-43B7-BF14-D5FBAD2D8A47}"
EndProject
Global
	GlobalSection(SolutionConfigurationPlatforms) = preSolution
		Debug|Any CPU = Debug|Any CPU
		Release|Any CPU = Release|Any CPU
	EndGlobalSection
	GlobalSection(ProjectConfigurationPlatforms) = postSolution
		{A3DB85D2-3DB9-4FFC-B77B-0A5147D8CA27}.Debug|Any CPU.ActiveCfg = Debug|Any CPU
		{A3DB85D2-3DB9-4FFC-B77B-0A5147D8CA27}.Debug|Any CPU.Build.0 = Debug|Any CPU
		{A3DB85D2-3DB9-4FFC-B77B-0A5147D8CA27}.Release|Any CPU.ActiveCfg = Release|Any CPU
		{A3DB85D2-3DB9-4FFC-B77B-0A5147D8CA27}.Release|Any CPU.Build.0 = Release|Any CPU
		{6B5DF16E-48F4-49DC-9135-961716B5EADE}.Debug|Any CPU.ActiveCfg = Debug|Any CPU
		{6B5DF16E-48F4-49DC-9135-961716B5EADE}.Debug|Any CPU.Build.0 = Debug|Any CPU
		{6B5DF16E-48F4-49DC-9135-961716B5EADE}.Release|Any CPU.ActiveCfg = Release|Any CPU
		{6B5DF16E-48F4-49DC-9135-961716B5EADE}.Release|Any CPU.Build.0 = Release|Any CPU
		{B31028A7-37C6-4AB7-92E0-0A7FF05159D8}.Debug|Any CPU.ActiveCfg = Debug|Any CPU
		{B31028A7-37C6-4AB7-92E0-0A7FF05159D8}.Debug|Any CPU.Build.0 = Debug|Any CPU
		{B31028A7-37C6-4AB7-92E0-0A7FF05159D8}.Release|Any CPU.ActiveCfg = Release|Any CPU
		{B31028A7-37C6-4AB7-92E0-0A7FF05159D8}.Release|Any CPU.Build.0 = Release|Any CPU
		{F575CC5A-7639-4DA5-AC63-287D4EEE0648}.Debug|Any CPU.ActiveCfg = Debug|Any CPU
		{F575CC5A-7639-4DA5-AC63-287D4EEE0648}.Debug|Any CPU.Build.0 = Debug|Any CPU
		{F575CC5A-7639-4DA5-AC63-287D4EEE0648}.Release|Any CPU.ActiveCfg = Release|Any CPU
		{F575CC5A-7639-4DA5-AC63-287D4EEE0648}.Release|Any CPU.Build.0 = Release|Any CPU
		{0DE5581B-D593-4645-BC0D-A712D26AEC66}.Debug|Any CPU.ActiveCfg = Debug|Any CPU
		{0DE5581B-D593-4645-BC0D-A712D26AEC66}.Debug|Any CPU.Build.0 = Debug|Any CPU
		{0DE5581B-D593-4645-BC0D-A712D26AEC66}.Release|Any CPU.ActiveCfg = Release|Any CPU
		{0DE5581B-D593-4645-BC0D-A712D26AEC66}.Release|Any CPU.Build.0 = Release|Any CPU
		{1B1129BC-20D2-4787-8CEA-17067C1CA236}.Debug|Any CPU.ActiveCfg = Debug|Any CPU
		{1B1129BC-20D2-4787-8CEA-17067C1CA236}.Debug|Any CPU.Build.0 = Debug|Any CPU
		{1B1129BC-20D2-4787-8CEA-17067C1CA236}.Release|Any CPU.ActiveCfg = Release|Any CPU
		{1B1129BC-20D2-4787-8CEA-17067C1CA236}.Release|Any CPU.Build.0 = Release|Any CPU
		{3C4D4649-CBA8-4DE0-84B8-FE923D4DB006}.Debug|Any CPU.ActiveCfg = Debug|Any CPU
		{3C4D4649-CBA8-4DE0-84B8-FE923D4DB006}.Debug|Any CPU.Build.0 = Debug|Any CPU
		{3C4D4649-CBA8-4DE0-84B8-FE923D4DB006}.Release|Any CPU.ActiveCfg = Release|Any CPU
		{3C4D4649-CBA8-4DE0-84B8-FE923D4DB006}.Release|Any CPU.Build.0 = Release|Any CPU
		{C1FB7CF3-E4C8-44C8-8189-12F3D66DE029}.Debug|Any CPU.ActiveCfg = Debug|Any CPU
		{C1FB7CF3-E4C8-44C8-8189-12F3D66DE029}.Debug|Any CPU.Build.0 = Debug|Any CPU
		{C1FB7CF3-E4C8-44C8-8189-12F3D66DE029}.Release|Any CPU.ActiveCfg = Release|Any CPU
		{C1FB7CF3-E4C8-44C8-8189-12F3D66DE029}.Release|Any CPU.Build.0 = Release|Any CPU
		{AF566986-CE85-4FBE-80C1-C94D771887CB}.Debug|Any CPU.ActiveCfg = Debug|Any CPU
		{AF566986-CE85-4FBE-80C1-C94D771887CB}.Debug|Any CPU.Build.0 = Debug|Any CPU
		{AF566986-CE85-4FBE-80C1-C94D771887CB}.Release|Any CPU.ActiveCfg = Release|Any CPU
		{AF566986-CE85-4FBE-80C1-C94D771887CB}.Release|Any CPU.Build.0 = Release|Any CPU
		{377669B0-FCC0-4666-A810-693A9928D379}.Debug|Any CPU.ActiveCfg = Debug|Any CPU
		{377669B0-FCC0-4666-A810-693A9928D379}.Debug|Any CPU.Build.0 = Debug|Any CPU
		{377669B0-FCC0-4666-A810-693A9928D379}.Release|Any CPU.ActiveCfg = Release|Any CPU
		{377669B0-FCC0-4666-A810-693A9928D379}.Release|Any CPU.Build.0 = Release|Any CPU
		{05AB2DA3-4DB9-48A3-9966-D7BA1679D66C}.Debug|Any CPU.ActiveCfg = Debug|Any CPU
		{05AB2DA3-4DB9-48A3-9966-D7BA1679D66C}.Debug|Any CPU.Build.0 = Debug|Any CPU
		{05AB2DA3-4DB9-48A3-9966-D7BA1679D66C}.Release|Any CPU.ActiveCfg = Release|Any CPU
		{05AB2DA3-4DB9-48A3-9966-D7BA1679D66C}.Release|Any CPU.Build.0 = Release|Any CPU
	EndGlobalSection
	GlobalSection(NestedProjects) = preSolution
		{676EFE4C-4117-449D-BA5C-A8022832FC14} = {E08ED66C-53A5-43F1-8AC1-962251AC9F9E}
		{C2EC5FE8-7D69-4CE5-956E-5C2538F1DBB1} = {676EFE4C-4117-449D-BA5C-A8022832FC14}
		{6B5DF16E-48F4-49DC-9135-961716B5EADE} = {C2EC5FE8-7D69-4CE5-956E-5C2538F1DBB1}
		{B31028A7-37C6-4AB7-92E0-0A7FF05159D8} = {C2EC5FE8-7D69-4CE5-956E-5C2538F1DBB1}
		{29D448E0-5E3C-45DC-A011-3416D69A85A6} = {7649C54A-2E69-4A77-AE3C-F25E15971E1C}
		{15F03EAC-CFE8-4C2C-BCE6-056E44F959C3} = {29D448E0-5E3C-45DC-A011-3416D69A85A6}
		{A7A51514-439C-40B0-A246-3527A67A457D} = {E08ED66C-53A5-43F1-8AC1-962251AC9F9E}
		{9CBFDB87-7476-4E48-9D2C-2F04CEBDE6B2} = {A7A51514-439C-40B0-A246-3527A67A457D}
		{F575CC5A-7639-4DA5-AC63-287D4EEE0648} = {9CBFDB87-7476-4E48-9D2C-2F04CEBDE6B2}
		{0DE5581B-D593-4645-BC0D-A712D26AEC66} = {9CBFDB87-7476-4E48-9D2C-2F04CEBDE6B2}
		{DCF219F1-CF71-4A51-A854-E1A58E796626} = {E08ED66C-53A5-43F1-8AC1-962251AC9F9E}
		{B07A282F-E407-4EBE-A742-C49E42934587} = {DCF219F1-CF71-4A51-A854-E1A58E796626}
		{11EF1857-D586-46A4-9BC2-EA04F8B680E9} = {B07A282F-E407-4EBE-A742-C49E42934587}
		{1B1129BC-20D2-4787-8CEA-17067C1CA236} = {11EF1857-D586-46A4-9BC2-EA04F8B680E9}
		{3C4D4649-CBA8-4DE0-84B8-FE923D4DB006} = {15F03EAC-CFE8-4C2C-BCE6-056E44F959C3}
		{C1FB7CF3-E4C8-44C8-8189-12F3D66DE029} = {15F03EAC-CFE8-4C2C-BCE6-056E44F959C3}
		{AF566986-CE85-4FBE-80C1-C94D771887CB} = {15F03EAC-CFE8-4C2C-BCE6-056E44F959C3}
		{B21555E5-F5DD-4AA3-83A4-E0C63788BDF5} = {1C36B95B-D088-4053-9924-7B35751E80A4}
		{C4A12B12-D544-46BE-A933-ECD7A0ADD500} = {B21555E5-F5DD-4AA3-83A4-E0C63788BDF5}
		{A87C5F90-B503-4DD9-81A1-B1131BC09573} = {B21555E5-F5DD-4AA3-83A4-E0C63788BDF5}
		{377669B0-FCC0-4666-A810-693A9928D379} = {C4A12B12-D544-46BE-A933-ECD7A0ADD500}
		{05AB2DA3-4DB9-48A3-9966-D7BA1679D66C} = {A87C5F90-B503-4DD9-81A1-B1131BC09573}
		{41C626AE-167C-43B7-BF14-D5FBAD2D8A47} = {1C36B95B-D088-4053-9924-7B35751E80A4}
		{A3DB85D2-3DB9-4FFC-B77B-0A5147D8CA27} = {41C626AE-167C-43B7-BF14-D5FBAD2D8A47}
	EndGlobalSection
EndGlobal
